<Solution>
  <Folder Name="/src/">
    <Project Path="CodeReviewr.App/CodeReviewr.App.csproj" />
    <Project Path="CodeReviewr.AppHost/CodeReviewr.AppHost.csproj" />
    <Project Path="CodeReviewr.Core/CodeReviewr.Core.csproj" />
    <Project Path="CodeReviewr.Diff/CodeReviewr.Diff.csproj" />
    <Project Path="CodeReviewr.Git/CodeReviewr.Git.csproj" />
    <Project Path="CodeReviewr.GitHub/CodeReviewr.GitHub.csproj" />
    <Project Path="CodeReviewr.Review/CodeReviewr.Review.csproj" />
    <Project Path="CodeReviewr.Persistence/CodeReviewr.Persistence.csproj" />
    <Project Path="CodeReviewr.AI/CodeReviewr.AI.csproj" />
  </Folder>
  <Folder Name="/tests/">
    <Project Path="../tests/CodeReviewr.App.Tests/CodeReviewr.App.Tests.csproj" />
    <Project Path="../tests/CodeReviewr.Benchmarks/CodeReviewr.Benchmarks.csproj" />
    <Project Path="../tests/CodeReviewr.Core.Tests/CodeReviewr.Core.Tests.csproj" />
    <Project Path="../tests/CodeReviewr.Diff.Tests/CodeReviewr.Diff.Tests.csproj" />
    <Project Path="../tests/CodeReviewr.Git.Tests/CodeReviewr.Git.Tests.csproj" />
    <Project Path="../tests/CodeReviewr.GitHub.Tests/CodeReviewr.GitHub.Tests.csproj" />
    <Project Path="../tests/CodeReviewr.Review.Tests/CodeReviewr.Review.Tests.csproj" />
    <Project Path="../tests/CodeReviewr.Persistence.Tests/CodeReviewr.Persistence.Tests.csproj" />
    <Project Path="../tests/CodeReviewr.AI.Tests/CodeReviewr.AI.Tests.csproj" />
    <Project Path="../tests/CodeReviewr.IntegrationTests/CodeReviewr.IntegrationTests.csproj" />
    <Project Path="../tests/CodeReviewr.TestSupport/CodeReviewr.TestSupport.csproj" />
  </Folder>
</Solution>
